
Microsoft Visual Studio Solution File, Format Version 12.00
# Visual Studio Version 17
VisualStudioVersion = 17.0.31903.59
MinimumVisualStudioVersion = 10.0.40219.1
Project("{FAE04EC0-301F-11D3-BF4B-00C04F79EFBC}") = "OlaMundo", "OlaMundo\OlaMundo.csproj", "{6802C514-7AFA-4741-A669-B9F4F7B6B085}"
EndProject
Project("{FAE04EC0-301F-11D3-BF4B-00C04F79EFBC}") = "Argumentos", "Argumentos\Argumentos.csproj", "{F5DFDCE7-BA6B-483C-BCEB-D90A9F5141F6}"
EndProject
Project("{FAE04EC0-301F-11D3-BF4B-00C04F79EFBC}") = "TipoVarios", "TipoVarios\TipoVarios.csproj", "{D0F34D38-2D6B-41D9-9291-8967BD5401C6}"
EndProject
Project("{FAE04EC0-301F-11D3-BF4B-00C04F79EFBC}") = "VariasStrings", "VariasStrings\VariasStrings.csproj", "{17FDDF6A-623F-434D-8C8D-BF1E49265C5D}"
EndProject
Global
	GlobalSection(SolutionConfigurationPlatforms) = preSolution
		Debug|Any CPU = Debug|Any CPU
		Release|Any CPU = Release|Any CPU
	EndGlobalSection
	GlobalSection(SolutionProperties) = preSolution
		HideSolutionNode = FALSE
	EndGlobalSection
	GlobalSection(ProjectConfigurationPlatforms) = postSolution
		{6802C514-7AFA-4741-A669-B9F4F7B6B085}.Debug|Any CPU.ActiveCfg = Debug|Any CPU
		{6802C514-7AFA-4741-A669-B9F4F7B6B085}.Debug|Any CPU.Build.0 = Debug|Any CPU
		{6802C514-7AFA-4741-A669-B9F4F7B6B085}.Release|Any CPU.ActiveCfg = Release|Any CPU
		{6802C514-7AFA-4741-A669-B9F4F7B6B085}.Release|Any CPU.Build.0 = Release|Any CPU
		{F5DFDCE7-BA6B-483C-BCEB-D90A9F5141F6}.Debug|Any CPU.ActiveCfg = Debug|Any CPU
		{F5DFDCE7-BA6B-483C-BCEB-D90A9F5141F6}.Debug|Any CPU.Build.0 = Debug|Any CPU
		{F5DFDCE7-BA6B-483C-BCEB-D90A9F5141F6}.Release|Any CPU.ActiveCfg = Release|Any CPU
		{F5DFDCE7-BA6B-483C-BCEB-D90A9F5141F6}.Release|Any CPU.Build.0 = Release|Any CPU
		{D0F34D38-2D6B-41D9-9291-8967BD5401C6}.Debug|Any CPU.ActiveCfg = Debug|Any CPU
		{D0F34D38-2D6B-41D9-9291-8967BD5401C6}.Debug|Any CPU.Build.0 = Debug|Any CPU
		{D0F34D38-2D6B-41D9-9291-8967BD5401C6}.Release|Any CPU.ActiveCfg = Release|Any CPU
		{D0F34D38-2D6B-41D9-9291-8967BD5401C6}.Release|Any CPU.Build.0 = Release|Any CPU
		{17FDDF6A-623F-434D-8C8D-BF1E49265C5D}.Debug|Any CPU.ActiveCfg = Debug|Any CPU
		{17FDDF6A-623F-434D-8C8D-BF1E49265C5D}.Debug|Any CPU.Build.0 = Debug|Any CPU
		{17FDDF6A-623F-434D-8C8D-BF1E49265C5D}.Release|Any CPU.ActiveCfg = Release|Any CPU
		{17FDDF6A-623F-434D-8C8D-BF1E49265C5D}.Release|Any CPU.Build.0 = Release|Any CPU
	EndGlobalSection
EndGlobal
